// !$*UTF8*$!
{
	archiveVersion = 1;
	classes = {
	};
	objectVersion = 50;
	objects = {

/* Begin PBXBuildFile section */
		BD54B5C226B19D7E000DEAC2 /* AppDelegate.swift in Sources */ = {isa = PBXBuildFile; fileRef = BD54B5C126B19D7E000DEAC2 /* AppDelegate.swift */; };
		BD54B5C426B19D7E000DEAC2 /* SceneDelegate.swift in Sources */ = {isa = PBXBuildFile; fileRef = BD54B5C326B19D7E000DEAC2 /* SceneDelegate.swift */; };
		BD54B5C626B19D7E000DEAC2 /* ViewController.swift in Sources */ = {isa = PBXBuildFile; fileRef = BD54B5C526B19D7E000DEAC2 /* ViewController.swift */; };
		BD54B5C926B19D7E000DEAC2 /* Main.storyboard in Resources */ = {isa = PBXBuildFile; fileRef = BD54B5C726B19D7E000DEAC2 /* Main.storyboard */; };
		BD54B5CC26B19D7E000DEAC2 /* StoryBoardIntro.xcdatamodeld in Sources */ = {isa = PBXBuildFile; fileRef = BD54B5CA26B19D7E000DEAC2 /* StoryBoardIntro.xcdatamodeld */; };
		BD54B5CE26B19D7F000DEAC2 /* Assets.xcassets in Resources */ = {isa = PBXBuildFile; fileRef = BD54B5CD26B19D7F000DEAC2 /* Assets.xcassets */; };
		BD54B5D126B19D7F000DEAC2 /* LaunchScreen.storyboard in Resources */ = {isa = PBXBuildFile; fileRef = BD54B5CF26B19D7F000DEAC2 /* LaunchScreen.storyboard */; };
		BD54B5DC26B19D7F000DEAC2 /* StoryBoardIntroTests.swift in Sources */ = {isa = PBXBuildFile; fileRef = BD54B5DB26B19D7F000DEAC2 /* StoryBoardIntroTests.swift */; };
		BD54B5E726B19D7F000DEAC2 /* StoryBoardIntroUITests.swift in Sources */ = {isa = PBXBuildFile; fileRef = BD54B5E626B19D7F000DEAC2 /* StoryBoardIntroUITests.swift */; };
/* End PBXBuildFile section */

/* Begin PBXContainerItemProxy section */
		BD54B5D826B19D7F000DEAC2 /* PBXContainerItemProxy */ = {
			isa = PBXContainerItemProxy;
			containerPortal = BD54B5B626B19D7E000DEAC2 /* Project object */;
			proxyType = 1;
			remoteGlobalIDString = BD54B5BD26B19D7E000DEAC2;
			remoteInfo = StoryBoardIntro;
		};
		BD54B5E326B19D7F000DEAC2 /* PBXContainerItemProxy */ = {
			isa = PBXContainerItemProxy;
			containerPortal = BD54B5B626B19D7E000DEAC2 /* Project object */;
			proxyType = 1;
			remoteGlobalIDString = BD54B5BD26B19D7E000DEAC2;
			remoteInfo = StoryBoardIntro;
		};
/* End PBXContainerItemProxy section */

/* Begin PBXFileReference section */
		BD54B5BE26B19D7E000DEAC2 /* StoryBoardIntro.app */ = {isa = PBXFileReference; explicitFileType = wrapper.application; includeInIndex = 0; path = StoryBoardIntro.app; sourceTree = BUILT_PRODUCTS_DIR; };
		BD54B5C126B19D7E000DEAC2 /* AppDelegate.swift */ = {isa = PBXFileReference; lastKnownFileType = sourcecode.swift; path = AppDelegate.swift; sourceTree = "<group>"; };
		BD54B5C326B19D7E000DEAC2 /* SceneDelegate.swift */ = {isa = PBXFileReference; lastKnownFileType = sourcecode.swift; path = SceneDelegate.swift; sourceTree = "<group>"; };
		BD54B5C526B19D7E000DEAC2 /* ViewController.swift */ = {isa = PBXFileReference; lastKnownFileType = sourcecode.swift; path = ViewController.swift; sourceTree = "<group>"; };
		BD54B5C826B19D7E000DEAC2 /* Base */ = {isa = PBXFileReference; lastKnownFileType = file.storyboard; name = Base; path = Base.lproj/Main.storyboard; sourceTree = "<group>"; };
		BD54B5CB26B19D7E000DEAC2 /* StoryBoardIntro.xcdatamodel */ = {isa = PBXFileReference; lastKnownFileType = wrapper.xcdatamodel; path = StoryBoardIntro.xcdatamodel; sourceTree = "<group>"; };
		BD54B5CD26B19D7F000DEAC2 /* Assets.xcassets */ = {isa = PBXFileReference; lastKnownFileType = folder.assetcatalog; path = Assets.xcassets; sourceTree = "<group>"; };
		BD54B5D026B19D7F000DEAC2 /* Base */ = {isa = PBXFileReference; lastKnownFileType = file.storyboard; name = Base; path = Base.lproj/LaunchScreen.storyboard; sourceTree = "<group>"; };
		BD54B5D226B19D7F000DEAC2 /* Info.plist */ = {isa = PBXFileReference; lastKnownFileType = text.plist.xml; path = Info.plist; sourceTree = "<group>"; };
		BD54B5D726B19D7F000DEAC2 /* StoryBoardIntroTests.xctest */ = {isa = PBXFileReference; explicitFileType = wrapper.cfbundle; includeInIndex = 0; path = StoryBoardIntroTests.xctest; sourceTree = BUILT_PRODUCTS_DIR; };
		BD54B5DB26B19D7F000DEAC2 /* StoryBoardIntroTests.swift */ = {isa = PBXFileReference; lastKnownFileType = sourcecode.swift; path = StoryBoardIntroTests.swift; sourceTree = "<group>"; };
		BD54B5DD26B19D7F000DEAC2 /* Info.plist */ = {isa = PBXFileReference; lastKnownFileType = text.plist.xml; path = Info.plist; sourceTree = "<group>"; };
		BD54B5E226B19D7F000DEAC2 /* StoryBoardIntroUITests.xctest */ = {isa = PBXFileReference; explicitFileType = wrapper.cfbundle; includeInIndex = 0; path = StoryBoardIntroUITests.xctest; sourceTree = BUILT_PRODUCTS_DIR; };
		BD54B5E626B19D7F000DEAC2 /* StoryBoardIntroUITests.swift */ = {isa = PBXFileReference; lastKnownFileType = sourcecode.swift; path = StoryBoardIntroUITests.swift; sourceTree = "<group>"; };
		BD54B5E826B19D7F000DEAC2 /* Info.plist */ = {isa = PBXFileReference; lastKnownFileType = text.plist.xml; path = Info.plist; sourceTree = "<group>"; };
/* End PBXFileReference section */

/* Begin PBXFrameworksBuildPhase section */
		BD54B5BB26B19D7E000DEAC2 /* Frameworks */ = {
			isa = PBXFrameworksBuildPhase;
			buildActionMask = 2147483647;
			files = (
			);
			runOnlyForDeploymentPostprocessing = 0;
		};
		BD54B5D426B19D7F000DEAC2 /* Frameworks */ = {
			isa = PBXFrameworksBuildPhase;
			buildActionMask = 2147483647;
			files = (
			);
			runOnlyForDeploymentPostprocessing = 0;
		};
		BD54B5DF26B19D7F000DEAC2 /* Frameworks */ = {
			isa = PBXFrameworksBuildPhase;
			buildActionMask = 2147483647;
			files = (
			);
			runOnlyForDeploymentPostprocessing = 0;
		};
/* End PBXFrameworksBuildPhase section */

/* Begin PBXGroup section */
		BD54B5B526B19D7E000DEAC2 = {
			isa = PBXGroup;
			children = (
				BD54B5C026B19D7E000DEAC2 /* StoryBoardIntro */,
				BD54B5DA26B19D7F000DEAC2 /* StoryBoardIntroTests */,
				BD54B5E526B19D7F000DEAC2 /* StoryBoardIntroUITests */,
				BD54B5BF26B19D7E000DEAC2 /* Products */,
			);
			sourceTree = "<group>";
		};
		BD54B5BF26B19D7E000DEAC2 /* Products */ = {
			isa = PBXGroup;
			children = (
				BD54B5BE26B19D7E000DEAC2 /* StoryBoardIntro.app */,
				BD54B5D726B19D7F000DEAC2 /* StoryBoardIntroTests.xctest */,
				BD54B5E226B19D7F000DEAC2 /* StoryBoardIntroUITests.xctest */,
			);
			name = Products;
			sourceTree = "<group>";
		};
		BD54B5C026B19D7E000DEAC2 /* StoryBoardIntro */ = {
			isa = PBXGroup;
			children = (
				BD54B5C126B19D7E000DEAC2 /* AppDelegate.swift */,
				BD54B5C326B19D7E000DEAC2 /* SceneDelegate.swift */,
				BD54B5C526B19D7E000DEAC2 /* ViewController.swift */,
				BD54B5C726B19D7E000DEAC2 /* Main.storyboard */,
				BD54B5CD26B19D7F000DEAC2 /* Assets.xcassets */,
				BD54B5CF26B19D7F000DEAC2 /* LaunchScreen.storyboard */,
				BD54B5D226B19D7F000DEAC2 /* Info.plist */,
				BD54B5CA26B19D7E000DEAC2 /* StoryBoardIntro.xcdatamodeld */,
			);
			path = StoryBoardIntro;
			sourceTree = "<group>";
		};
		BD54B5DA26B19D7F000DEAC2 /* StoryBoardIntroTests */ = {
			isa = PBXGroup;
			children = (
				BD54B5DB26B19D7F000DEAC2 /* StoryBoardIntroTests.swift */,
				BD54B5DD26B19D7F000DEAC2 /* Info.plist */,
			);
			path = StoryBoardIntroTests;
			sourceTree = "<group>";
		};
		BD54B5E526B19D7F000DEAC2 /* StoryBoardIntroUITests */ = {
			isa = PBXGroup;
			children = (
				BD54B5E626B19D7F000DEAC2 /* StoryBoardIntroUITests.swift */,
				BD54B5E826B19D7F000DEAC2 /* Info.plist */,
			);
			path = StoryBoardIntroUITests;
			sourceTree = "<group>";
		};
/* End PBXGroup section */

/* Begin PBXNativeTarget section */
		BD54B5BD26B19D7E000DEAC2 /* StoryBoardIntro */ = {
			isa = PBXNativeTarget;
			buildConfigurationList = BD54B5EB26B19D7F000DEAC2 /* Build configuration list for PBXNativeTarget "StoryBoardIntro" */;
			buildPhases = (
				BD54B5BA26B19D7E000DEAC2 /* Sources */,
				BD54B5BB26B19D7E000DEAC2 /* Frameworks */,
				BD54B5BC26B19D7E000DEAC2 /* Resources */,
			);
			buildRules = (
			);
			dependencies = (
			);
			name = StoryBoardIntro;
			productName = StoryBoardIntro;
			productReference = BD54B5BE26B19D7E000DEAC2 /* StoryBoardIntro.app */;
			productType = "com.apple.product-type.application";
		};
		BD54B5D626B19D7F000DEAC2 /* StoryBoardIntroTests */ = {
			isa = PBXNativeTarget;
			buildConfigurationList = BD54B5EE26B19D7F000DEAC2 /* Build configuration list for PBXNativeTarget "StoryBoardIntroTests" */;
			buildPhases = (
				BD54B5D326B19D7F000DEAC2 /* Sources */,
				BD54B5D426B19D7F000DEAC2 /* Frameworks */,
				BD54B5D526B19D7F000DEAC2 /* Resources */,
			);
			buildRules = (
			);
			dependencies = (
				BD54B5D926B19D7F000DEAC2 /* PBXTargetDependency */,
			);
			name = StoryBoardIntroTests;
			productName = StoryBoardIntroTests;
			productReference = BD54B5D726B19D7F000DEAC2 /* StoryBoardIntroTests.xctest */;
			productType = "com.apple.product-type.bundle.unit-test";
		};
		BD54B5E126B19D7F000DEAC2 /* StoryBoardIntroUITests */ = {
			isa = PBXNativeTarget;
			buildConfigurationList = BD54B5F126B19D7F000DEAC2 /* Build configuration list for PBXNativeTarget "StoryBoardIntroUITests" */;
			buildPhases = (
				BD54B5DE26B19D7F000DEAC2 /* Sources */,
				BD54B5DF26B19D7F000DEAC2 /* Frameworks */,
				BD54B5E026B19D7F000DEAC2 /* Resources */,
			);
			buildRules = (
			);
			dependencies = (
				BD54B5E426B19D7F000DEAC2 /* PBXTargetDependency */,
			);
			name = StoryBoardIntroUITests;
			productName = StoryBoardIntroUITests;
			productReference = BD54B5E226B19D7F000DEAC2 /* StoryBoardIntroUITests.xctest */;
			productType = "com.apple.product-type.bundle.ui-testing";
		};
/* End PBXNativeTarget section */

/* Begin PBXProject section */
		BD54B5B626B19D7E000DEAC2 /* Project object */ = {
			isa = PBXProject;
			attributes = {
				LastSwiftUpdateCheck = 1250;
				LastUpgradeCheck = 1250;
				TargetAttributes = {
					BD54B5BD26B19D7E000DEAC2 = {
						CreatedOnToolsVersion = 12.5.1;
					};
					BD54B5D626B19D7F000DEAC2 = {
						CreatedOnToolsVersion = 12.5.1;
						TestTargetID = BD54B5BD26B19D7E000DEAC2;
					};
					BD54B5E126B19D7F000DEAC2 = {
						CreatedOnToolsVersion = 12.5.1;
						TestTargetID = BD54B5BD26B19D7E000DEAC2;
					};
				};
			};
			buildConfigurationList = BD54B5B926B19D7E000DEAC2 /* Build configuration list for PBXProject "StoryBoardIntro" */;
			compatibilityVersion = "Xcode 9.3";
			developmentRegion = en;
			hasScannedForEncodings = 0;
			knownRegions = (
				en,
				Base,
			);
			mainGroup = BD54B5B526B19D7E000DEAC2;
			productRefGroup = BD54B5BF26B19D7E000DEAC2 /* Products */;
			projectDirPath = "";
			projectRoot = "";
			targets = (
				BD54B5BD26B19D7E000DEAC2 /* StoryBoardIntro */,
				BD54B5D626B19D7F000DEAC2 /* StoryBoardIntroTests */,
				BD54B5E126B19D7F000DEAC2 /* StoryBoardIntroUITests */,
			);
		};
/* End PBXProject section */

/* Begin PBXResourcesBuildPhase section */
		BD54B5BC26B19D7E000DEAC2 /* Resources */ = {
			isa = PBXResourcesBuildPhase;
			buildActionMask = 2147483647;
			files = (
				BD54B5D126B19D7F000DEAC2 /* LaunchScreen.storyboard in Resources */,
				BD54B5CE26B19D7F000DEAC2 /* Assets.xcassets in Resources */,
				BD54B5C926B19D7E000DEAC2 /* Main.storyboard in Resources */,
			);
			runOnlyForDeploymentPostprocessing = 0;
		};
		BD54B5D526B19D7F000DEAC2 /* Resources */ = {
			isa = PBXResourcesBuildPhase;
			buildActionMask = 2147483647;
			files = (
			);
			runOnlyForDeploymentPostprocessing = 0;
		};
		BD54B5E026B19D7F000DEAC2 /* Resources */ = {
			isa = PBXResourcesBuildPhase;
			buildActionMask = 2147483647;
			files = (
			);
			runOnlyForDeploymentPostprocessing = 0;
		};
/* End PBXResourcesBuildPhase section */

/* Begin PBXSourcesBuildPhase section */
		BD54B5BA26B19D7E000DEAC2 /* Sources */ = {
			isa = PBXSourcesBuildPhase;
			buildActionMask = 2147483647;
			files = (
				BD54B5C626B19D7E000DEAC2 /* ViewController.swift in Sources */,
				BD54B5CC26B19D7E000DEAC2 /* StoryBoardIntro.xcdatamodeld in Sources */,
				BD54B5C226B19D7E000DEAC2 /* AppDelegate.swift in Sources */,
				BD54B5C426B19D7E000DEAC2 /* SceneDelegate.swift in Sources */,
			);
			runOnlyForDeploymentPostprocessing = 0;
		};
		BD54B5D326B19D7F000DEAC2 /* Sources */ = {
			isa = PBXSourcesBuildPhase;
			buildActionMask = 2147483647;
			files = (
				BD54B5DC26B19D7F000DEAC2 /* StoryBoardIntroTests.swift in Sources */,
			);
			runOnlyForDeploymentPostprocessing = 0;
		};
		BD54B5DE26B19D7F000DEAC2 /* Sources */ = {
			isa = PBXSourcesBuildPhase;
			buildActionMask = 2147483647;
			files = (
				BD54B5E726B19D7F000DEAC2 /* StoryBoardIntroUITests.swift in Sources */,
			);
			runOnlyForDeploymentPostprocessing = 0;
		};
/* End PBXSourcesBuildPhase section */

/* Begin PBXTargetDependency section */
		BD54B5D926B19D7F000DEAC2 /* PBXTargetDependency */ = {
			isa = PBXTargetDependency;
			target = BD54B5BD26B19D7E000DEAC2 /* StoryBoardIntro */;
			targetProxy = BD54B5D826B19D7F000DEAC2 /* PBXContainerItemProxy */;
		};
		BD54B5E426B19D7F000DEAC2 /* PBXTargetDependency */ = {
			isa = PBXTargetDependency;
			target = BD54B5BD26B19D7E000DEAC2 /* StoryBoardIntro */;
			targetProxy = BD54B5E326B19D7F000DEAC2 /* PBXContainerItemProxy */;
		};
/* End PBXTargetDependency section */

/* Begin PBXVariantGroup section */
		BD54B5C726B19D7E000DEAC2 /* Main.storyboard */ = {
			isa = PBXVariantGroup;
			children = (
				BD54B5C826B19D7E000DEAC2 /* Base */,
			);
			name = Main.storyboard;
			sourceTree = "<group>";
		};
		BD54B5CF26B19D7F000DEAC2 /* LaunchScreen.storyboard */ = {
			isa = PBXVariantGroup;
			children = (
				BD54B5D026B19D7F000DEAC2 /* Base */,
			);
			name = LaunchScreen.storyboard;
			sourceTree = "<group>";
		};
/* End PBXVariantGroup section */

/* Begin XCBuildConfiguration section */
		BD54B5E926B19D7F000DEAC2 /* Debug */ = {
			isa = XCBuildConfiguration;
			buildSettings = {
				ALWAYS_SEARCH_USER_PATHS = NO;
				CLANG_ANALYZER_NONNULL = YES;
				CLANG_ANALYZER_NUMBER_OBJECT_CONVERSION = YES_AGGRESSIVE;
				CLANG_CXX_LANGUAGE_STANDARD = "gnu++14";
				CLANG_CXX_LIBRARY = "libc++";
				CLANG_ENABLE_MODULES = YES;
				CLANG_ENABLE_OBJC_ARC = YES;
				CLANG_ENABLE_OBJC_WEAK = YES;
				CLANG_WARN_BLOCK_CAPTURE_AUTORELEASING = YES;
				CLANG_WARN_BOOL_CONVERSION = YES;
				CLANG_WARN_COMMA = YES;
				CLANG_WARN_CONSTANT_CONVERSION = YES;
				CLANG_WARN_DEPRECATED_OBJC_IMPLEMENTATIONS = YES;
				CLANG_WARN_DIRECT_OBJC_ISA_USAGE = YES_ERROR;
				CLANG_WARN_DOCUMENTATION_COMMENTS = YES;
				CLANG_WARN_EMPTY_BODY = YES;
				CLANG_WARN_ENUM_CONVERSION = YES;
				CLANG_WARN_INFINITE_RECURSION = YES;
				CLANG_WARN_INT_CONVERSION = YES;
				CLANG_WARN_NON_LITERAL_NULL_CONVERSION = YES;
				CLANG_WARN_OBJC_IMPLICIT_RETAIN_SELF = YES;
				CLANG_WARN_OBJC_LITERAL_CONVERSION = YES;
				CLANG_WARN_OBJC_ROOT_CLASS = YES_ERROR;
				CLANG_WARN_QUOTED_INCLUDE_IN_FRAMEWORK_HEADER = YES;
				CLANG_WARN_RANGE_LOOP_ANALYSIS = YES;
				CLANG_WARN_STRICT_PROTOTYPES = YES;
				CLANG_WARN_SUSPICIOUS_MOVE = YES;
				CLANG_WARN_UNGUARDED_AVAILABILITY = YES_AGGRESSIVE;
				CLANG_WARN_UNREACHABLE_CODE = YES;
				CLANG_WARN__DUPLICATE_METHOD_MATCH = YES;
				COPY_PHASE_STRIP = NO;
				DEBUG_INFORMATION_FORMAT = dwarf;
				ENABLE_STRICT_OBJC_MSGSEND = YES;
				ENABLE_TESTABILITY = YES;
				GCC_C_LANGUAGE_STANDARD = gnu11;
				GCC_DYNAMIC_NO_PIC = NO;
				GCC_NO_COMMON_BLOCKS = YES;
				GCC_OPTIMIZATION_LEVEL = 0;
				GCC_PREPROCESSOR_DEFINITIONS = (
					"DEBUG=1",
					"$(inherited)",
				);
				GCC_WARN_64_TO_32_BIT_CONVERSION = YES;
				GCC_WARN_ABOUT_RETURN_TYPE = YES_ERROR;
				GCC_WARN_UNDECLARED_SELECTOR = YES;
				GCC_WARN_UNINITIALIZED_AUTOS = YES_AGGRESSIVE;
				GCC_WARN_UNUSED_FUNCTION = YES;
				GCC_WARN_UNUSED_VARIABLE = YES;
				IPHONEOS_DEPLOYMENT_TARGET = 14.5;
				MTL_ENABLE_DEBUG_INFO = INCLUDE_SOURCE;
				MTL_FAST_MATH = YES;
				ONLY_ACTIVE_ARCH = YES;
				SDKROOT = iphoneos;
				SWIFT_ACTIVE_COMPILATION_CONDITIONS = DEBUG;
				SWIFT_OPTIMIZATION_LEVEL = "-Onone";
			};
			name = Debug;
		};
		BD54B5EA26B19D7F000DEAC2 /* Release */ = {
			isa = XCBuildConfiguration;
			buildSettings = {
				ALWAYS_SEARCH_USER_PATHS = NO;
				CLANG_ANALYZER_NONNULL = YES;
				CLANG_ANALYZER_NUMBER_OBJECT_CONVERSION = YES_AGGRESSIVE;
				CLANG_CXX_LANGUAGE_STANDARD = "gnu++14";
				CLANG_CXX_LIBRARY = "libc++";
				CLANG_ENABLE_MODULES = YES;
				CLANG_ENABLE_OBJC_ARC = YES;
				CLANG_ENABLE_OBJC_WEAK = YES;
				CLANG_WARN_BLOCK_CAPTURE_AUTORELEASING = YES;
				CLANG_WARN_BOOL_CONVERSION = YES;
				CLANG_WARN_COMMA = YES;
				CLANG_WARN_CONSTANT_CONVERSION = YES;
				CLANG_WARN_DEPRECATED_OBJC_IMPLEMENTATIONS = YES;
				CLANG_WARN_DIRECT_OBJC_ISA_USAGE = YES_ERROR;
				CLANG_WARN_DOCUMENTATION_COMMENTS = YES;
				CLANG_WARN_EMPTY_BODY = YES;
				CLANG_WARN_ENUM_CONVERSION = YES;
				CLANG_WARN_INFINITE_RECURSION = YES;
				CLANG_WARN_INT_CONVERSION = YES;
				CLANG_WARN_NON_LITERAL_NULL_CONVERSION = YES;
				CLANG_WARN_OBJC_IMPLICIT_RETAIN_SELF = YES;
				CLANG_WARN_OBJC_LITERAL_CONVERSION = YES;
				CLANG_WARN_OBJC_ROOT_CLASS = YES_ERROR;
				CLANG_WARN_QUOTED_INCLUDE_IN_FRAMEWORK_HEADER = YES;
				CLANG_WARN_RANGE_LOOP_ANALYSIS = YES;
				CLANG_WARN_STRICT_PROTOTYPES = YES;
				CLANG_WARN_SUSPICIOUS_MOVE = YES;
				CLANG_WARN_UNGUARDED_AVAILABILITY = YES_AGGRESSIVE;
				CLANG_WARN_UNREACHABLE_CODE = YES;
				CLANG_WARN__DUPLICATE_METHOD_MATCH = YES;
				COPY_PHASE_STRIP = NO;
				DEBUG_INFORMATION_FORMAT = "dwarf-with-dsym";
				ENABLE_NS_ASSERTIONS = NO;
				ENABLE_STRICT_OBJC_MSGSEND = YES;
				GCC_C_LANGUAGE_STANDARD = gnu11;
				GCC_NO_COMMON_BLOCKS = YES;
				GCC_WARN_64_TO_32_BIT_CONVERSION = YES;
				GCC_WARN_ABOUT_RETURN_TYPE = YES_ERROR;
				GCC_WARN_UNDECLARED_SELECTOR = YES;
				GCC_WARN_UNINITIALIZED_AUTOS = YES_AGGRESSIVE;
				GCC_WARN_UNUSED_FUNCTION = YES;
				GCC_WARN_UNUSED_VARIABLE = YES;
				IPHONEOS_DEPLOYMENT_TARGET = 14.5;
				MTL_ENABLE_DEBUG_INFO = NO;
				MTL_FAST_MATH = YES;
				SDKROOT = iphoneos;
				SWIFT_COMPILATION_MODE = wholemodule;
				SWIFT_OPTIMIZATION_LEVEL = "-O";
				VALIDATE_PRODUCT = YES;
			};
			name = Release;
		};
		BD54B5EC26B19D7F000DEAC2 /* Debug */ = {
			isa = XCBuildConfiguration;
			buildSettings = {
				ASSETCATALOG_COMPILER_APPICON_NAME = AppIcon;
				ASSETCATALOG_COMPILER_GLOBAL_ACCENT_COLOR_NAME = AccentColor;
				CODE_SIGN_STYLE = Automatic;
				INFOPLIST_FILE = StoryBoardIntro/Info.plist;
				LD_RUNPATH_SEARCH_PATHS = (
					"$(inherited)",
					"@executable_path/Frameworks",
				);
				PRODUCT_BUNDLE_IDENTIFIER = KWK.StoryBoardIntro;
				PRODUCT_NAME = "$(TARGET_NAME)";
				SWIFT_VERSION = 5.0;
				TARGETED_DEVICE_FAMILY = "1,2";
			};
			name = Debug;
		};
		BD54B5ED26B19D7F000DEAC2 /* Release */ = {
			isa = XCBuildConfiguration;
			buildSettings = {
				ASSETCATALOG_COMPILER_APPICON_NAME = AppIcon;
				ASSETCATALOG_COMPILER_GLOBAL_ACCENT_COLOR_NAME = AccentColor;
				CODE_SIGN_STYLE = Automatic;
				INFOPLIST_FILE = StoryBoardIntro/Info.plist;
				LD_RUNPATH_SEARCH_PATHS = (
					"$(inherited)",
					"@executable_path/Frameworks",
				);
				PRODUCT_BUNDLE_IDENTIFIER = KWK.StoryBoardIntro;
				PRODUCT_NAME = "$(TARGET_NAME)";
				SWIFT_VERSION = 5.0;
				TARGETED_DEVICE_FAMILY = "1,2";
			};
			name = Release;
		};
		BD54B5EF26B19D7F000DEAC2 /* Debug */ = {
			isa = XCBuildConfiguration;
			buildSettings = {
				ALWAYS_EMBED_SWIFT_STANDARD_LIBRARIES = YES;
				BUNDLE_LOADER = "$(TEST_HOST)";
				CODE_SIGN_STYLE = Automatic;
				INFOPLIST_FILE = StoryBoardIntroTests/Info.plist;
				IPHONEOS_DEPLOYMENT_TARGET = 14.5;
				LD_RUNPATH_SEARCH_PATHS = (
					"$(inherited)",
					"@executable_path/Frameworks",
					"@loader_path/Frameworks",
				);
				PRODUCT_BUNDLE_IDENTIFIER = KWK.StoryBoardIntroTests;
				PRODUCT_NAME = "$(TARGET_NAME)";
				SWIFT_VERSION = 5.0;
				TARGETED_DEVICE_FAMILY = "1,2";
				TEST_HOST = "$(BUILT_PRODUCTS_DIR)/StoryBoardIntro.app/StoryBoardIntro";
			};
			name = Debug;
		};
		BD54B5F026B19D7F000DEAC2 /* Release */ = {
			isa = XCBuildConfiguration;
			buildSettings = {
				ALWAYS_EMBED_SWIFT_STANDARD_LIBRARIES = YES;
				BUNDLE_LOADER = "$(TEST_HOST)";
				CODE_SIGN_STYLE = Automatic;
				INFOPLIST_FILE = StoryBoardIntroTests/Info.plist;
				IPHONEOS_DEPLOYMENT_TARGET = 14.5;
				LD_RUNPATH_SEARCH_PATHS = (
					"$(inherited)",
					"@executable_path/Frameworks",
					"@loader_path/Frameworks",
				);
				PRODUCT_BUNDLE_IDENTIFIER = KWK.StoryBoardIntroTests;
				PRODUCT_NAME = "$(TARGET_NAME)";
				SWIFT_VERSION = 5.0;
				TARGETED_DEVICE_FAMILY = "1,2";
				TEST_HOST = "$(BUILT_PRODUCTS_DIR)/StoryBoardIntro.app/StoryBoardIntro";
			};
			name = Release;
		};
		BD54B5F226B19D7F000DEAC2 /* Debug */ = {
			isa = XCBuildConfiguration;
			buildSettings = {
				ALWAYS_EMBED_SWIFT_STANDARD_LIBRARIES = YES;
				CODE_SIGN_STYLE = Automatic;
				INFOPLIST_FILE = StoryBoardIntroUITests/Info.plist;
				LD_RUNPATH_SEARCH_PATHS = (
					"$(inherited)",
					"@executable_path/Frameworks",
					"@loader_path/Frameworks",
				);
				PRODUCT_BUNDLE_IDENTIFIER = KWK.StoryBoardIntroUITests;
				PRODUCT_NAME = "$(TARGET_NAME)";
				SWIFT_VERSION = 5.0;
				TARGETED_DEVICE_FAMILY = "1,2";
				TEST_TARGET_NAME = StoryBoardIntro;
			};
			name = Debug;
		};
		BD54B5F326B19D7F000DEAC2 /* Release */ = {
			isa = XCBuildConfiguration;
			buildSettings = {
				ALWAYS_EMBED_SWIFT_STANDARD_LIBRARIES = YES;
				CODE_SIGN_STYLE = Automatic;
				INFOPLIST_FILE = StoryBoardIntroUITests/Info.plist;
				LD_RUNPATH_SEARCH_PATHS = (
					"$(inherited)",
					"@executable_path/Frameworks",
					"@loader_path/Frameworks",
				);
				PRODUCT_BUNDLE_IDENTIFIER = KWK.StoryBoardIntroUITests;
				PRODUCT_NAME = "$(TARGET_NAME)";
				SWIFT_VERSION = 5.0;
				TARGETED_DEVICE_FAMILY = "1,2";
				TEST_TARGET_NAME = StoryBoardIntro;
			};
			name = Release;
		};
/* End XCBuildConfiguration section */

/* Begin XCConfigurationList section */
		BD54B5B926B19D7E000DEAC2 /* Build configuration list for PBXProject "StoryBoardIntro" */ = {
			isa = XCConfigurationList;
			buildConfigurations = (
				BD54B5E926B19D7F000DEAC2 /* Debug */,
				BD54B5EA26B19D7F000DEAC2 /* Release */,
			);
			defaultConfigurationIsVisible = 0;
			defaultConfigurationName = Release;
		};
		BD54B5EB26B19D7F000DEAC2 /* Build configuration list for PBXNativeTarget "StoryBoardIntro" */ = {
			isa = XCConfigurationList;
			buildConfigurations = (
				BD54B5EC26B19D7F000DEAC2 /* Debug */,
				BD54B5ED26B19D7F000DEAC2 /* Release */,
			);
			defaultConfigurationIsVisible = 0;
			defaultConfigurationName = Release;
		};
		BD54B5EE26B19D7F000DEAC2 /* Build configuration list for PBXNativeTarget "StoryBoardIntroTests" */ = {
			isa = XCConfigurationList;
			buildConfigurations = (
				BD54B5EF26B19D7F000DEAC2 /* Debug */,
				BD54B5F026B19D7F000DEAC2 /* Release */,
			);
			defaultConfigurationIsVisible = 0;
			defaultConfigurationName = Release;
		};
		BD54B5F126B19D7F000DEAC2 /* Build configuration list for PBXNativeTarget "StoryBoardIntroUITests" */ = {
			isa = XCConfigurationList;
			buildConfigurations = (
				BD54B5F226B19D7F000DEAC2 /* Debug */,
				BD54B5F326B19D7F000DEAC2 /* Release */,
			);
			defaultConfigurationIsVisible = 0;
			defaultConfigurationName = Release;
		};
/* End XCConfigurationList section */

/* Begin XCVersionGroup section */
		BD54B5CA26B19D7E000DEAC2 /* StoryBoardIntro.xcdatamodeld */ = {
			isa = XCVersionGroup;
			children = (
				BD54B5CB26B19D7E000DEAC2 /* StoryBoardIntro.xcdatamodel */,
			);
			currentVersion = BD54B5CB26B19D7E000DEAC2 /* StoryBoardIntro.xcdatamodel */;
			path = StoryBoardIntro.xcdatamodeld;
			sourceTree = "<group>";
			versionGroupType = wrapper.xcdatamodel;
		};
/* End XCVersionGroup section */
	};
	rootObject = BD54B5B626B19D7E000DEAC2 /* Project object */;
}
